
Microsoft Visual Studio Solution File, Format Version 12.00
# Visual Studio Version 17
VisualStudioVersion = 17.3.32819.101
MinimumVisualStudioVersion = 10.0.40219.1
Project("{9A19103F-16F7-4668-BE54-9A1E7A4F7556}") = "BlazorEcommerce.Server", "BlazorEcommerce\Server\BlazorEcommerce.Server.csproj", "{CCD97A91-D1A7-48DC-8269-E85ED7C1B59B}"
EndProject
Project("{9A19103F-16F7-4668-BE54-9A1E7A4F7556}") = "BlazorEcommerce.Client", "BlazorEcommerce\Client\BlazorEcommerce.Client.csproj", "{C6D12774-A7C9-4A2C-B4C8-931E0DBDDC13}"
EndProject
Project("{9A19103F-16F7-4668-BE54-9A1E7A4F7556}") = "BlazorEcommerce.Shared", "BlazorEcommerce\Shared\BlazorEcommerce.Shared.csproj", "{6C85A70E-7D54-4844-9F03-8D3676DBCE01}"
EndProject
Global
	GlobalSection(SolutionConfigurationPlatforms) = preSolution
		Debug|Any CPU = Debug|Any CPU
		Release|Any CPU = Release|Any CPU
	EndGlobalSection
	GlobalSection(ProjectConfigurationPlatforms) = postSolution
		{CCD97A91-D1A7-48DC-8269-E85ED7C1B59B}.Debug|Any CPU.ActiveCfg = Debug|Any CPU
		{CCD97A91-D1A7-48DC-8269-E85ED7C1B59B}.Debug|Any CPU.Build.0 = Debug|Any CPU
		{CCD97A91-D1A7-48DC-8269-E85ED7C1B59B}.Release|Any CPU.ActiveCfg = Release|Any CPU
		{CCD97A91-D1A7-48DC-8269-E85ED7C1B59B}.Release|Any CPU.Build.0 = Release|Any CPU
		{C6D12774-A7C9-4A2C-B4C8-931E0DBDDC13}.Debug|Any CPU.ActiveCfg = Debug|Any CPU
		{C6D12774-A7C9-4A2C-B4C8-931E0DBDDC13}.Debug|Any CPU.Build.0 = Debug|Any CPU
		{C6D12774-A7C9-4A2C-B4C8-931E0DBDDC13}.Release|Any CPU.ActiveCfg = Release|Any CPU
		{C6D12774-A7C9-4A2C-B4C8-931E0DBDDC13}.Release|Any CPU.Build.0 = Release|Any CPU
		{6C85A70E-7D54-4844-9F03-8D3676DBCE01}.Debug|Any CPU.ActiveCfg = Debug|Any CPU
		{6C85A70E-7D54-4844-9F03-8D3676DBCE01}.Debug|Any CPU.Build.0 = Debug|Any CPU
		{6C85A70E-7D54-4844-9F03-8D3676DBCE01}.Release|Any CPU.ActiveCfg = Release|Any CPU
		{6C85A70E-7D54-4844-9F03-8D3676DBCE01}.Release|Any CPU.Build.0 = Release|Any CPU
	EndGlobalSection
	GlobalSection(SolutionProperties) = preSolution
		HideSolutionNode = FALSE
	EndGlobalSection
	GlobalSection(ExtensibilityGlobals) = postSolution
		SolutionGuid = {5F30804E-B50F-4715-8AB0-0E56FA107904}
	EndGlobalSection
EndGlobal
